
Microsoft Visual Studio Solution File, Format Version 12.00
# Visual Studio Version 17
VisualStudioVersion = 17.9.34622.214
MinimumVisualStudioVersion = 10.0.40219.1
Project("{FAE04EC0-301F-11D3-BF4B-00C04F79EFBC}") = "VuQuangLinh_BT_Buoi5", "VuQuangLinh_BT_Buoi5\VuQuangLinh_BT_Buoi5.csproj", "{DD5E4A9E-78F0-44A2-9D90-03C8D7F57E8F}"
EndProject
Global
	GlobalSection(SolutionConfigurationPlatforms) = preSolution
		Debug|Any CPU = Debug|Any CPU
		Release|Any CPU = Release|Any CPU
	EndGlobalSection
	GlobalSection(ProjectConfigurationPlatforms) = postSolution
		{DD5E4A9E-78F0-44A2-9D90-03C8D7F57E8F}.Debug|Any CPU.ActiveCfg = Debug|Any CPU
		{DD5E4A9E-78F0-44A2-9D90-03C8D7F57E8F}.Debug|Any CPU.Build.0 = Debug|Any CPU
		{DD5E4A9E-78F0-44A2-9D90-03C8D7F57E8F}.Release|Any CPU.ActiveCfg = Release|Any CPU
		{DD5E4A9E-78F0-44A2-9D90-03C8D7F57E8F}.Release|Any CPU.Build.0 = Release|Any CPU
	EndGlobalSection
	GlobalSection(SolutionProperties) = preSolution
		HideSolutionNode = FALSE
	EndGlobalSection
	GlobalSection(ExtensibilityGlobals) = postSolution
		SolutionGuid = {12E4CFAE-0094-46B8-B92A-A2FD07FAA841}
	EndGlobalSection
EndGlobal
