
Microsoft Visual Studio Solution File, Format Version 12.00
# Visual Studio Version 17
VisualStudioVersion = 17.9.34622.214
MinimumVisualStudioVersion = 10.0.40219.1
Project("{FAE04EC0-301F-11D3-BF4B-00C04F79EFBC}") = "VuQuangLinh_BT_Buoi10", "VuQuangLinh_BT_Buoi10\VuQuangLinh_BT_Buoi10.csproj", "{EDB0520C-F229-4E54-957C-EA6B59AAB505}"
EndProject
Global
	GlobalSection(SolutionConfigurationPlatforms) = preSolution
		Debug|Any CPU = Debug|Any CPU
		Release|Any CPU = Release|Any CPU
	EndGlobalSection
	GlobalSection(ProjectConfigurationPlatforms) = postSolution
		{EDB0520C-F229-4E54-957C-EA6B59AAB505}.Debug|Any CPU.ActiveCfg = Debug|Any CPU
		{EDB0520C-F229-4E54-957C-EA6B59AAB505}.Debug|Any CPU.Build.0 = Debug|Any CPU
		{EDB0520C-F229-4E54-957C-EA6B59AAB505}.Release|Any CPU.ActiveCfg = Release|Any CPU
		{EDB0520C-F229-4E54-957C-EA6B59AAB505}.Release|Any CPU.Build.0 = Release|Any CPU
	EndGlobalSection
	GlobalSection(SolutionProperties) = preSolution
		HideSolutionNode = FALSE
	EndGlobalSection
	GlobalSection(ExtensibilityGlobals) = postSolution
		SolutionGuid = {D4AF4480-E2B7-4B91-AAD0-B5E939348B78}
	EndGlobalSection
EndGlobal
