
Microsoft Visual Studio Solution File, Format Version 12.00
# Visual Studio Version 17
VisualStudioVersion = 17.9.34622.214
MinimumVisualStudioVersion = 10.0.40219.1
Project("{FAE04EC0-301F-11D3-BF4B-00C04F79EFBC}") = "VuQuangLinh_BT_Buoi3", "VuQuangLinh_BT_Buoi3\VuQuangLinh_BT_Buoi3.csproj", "{5CE9BD9A-376C-44BC-9919-FB9A74E1827D}"
EndProject
Global
	GlobalSection(SolutionConfigurationPlatforms) = preSolution
		Debug|Any CPU = Debug|Any CPU
		Release|Any CPU = Release|Any CPU
	EndGlobalSection
	GlobalSection(ProjectConfigurationPlatforms) = postSolution
		{5CE9BD9A-376C-44BC-9919-FB9A74E1827D}.Debug|Any CPU.ActiveCfg = Debug|Any CPU
		{5CE9BD9A-376C-44BC-9919-FB9A74E1827D}.Debug|Any CPU.Build.0 = Debug|Any CPU
		{5CE9BD9A-376C-44BC-9919-FB9A74E1827D}.Release|Any CPU.ActiveCfg = Release|Any CPU
		{5CE9BD9A-376C-44BC-9919-FB9A74E1827D}.Release|Any CPU.Build.0 = Release|Any CPU
	EndGlobalSection
	GlobalSection(SolutionProperties) = preSolution
		HideSolutionNode = FALSE
	EndGlobalSection
	GlobalSection(ExtensibilityGlobals) = postSolution
		SolutionGuid = {0D04FEF1-6584-4378-8BA9-226756156AA7}
	EndGlobalSection
EndGlobal
